
Microsoft Visual Studio Solution File, Format Version 12.00
# Visual Studio Version 16
VisualStudioVersion = 16.0.31613.86
MinimumVisualStudioVersion = 10.0.40219.1
Project("{FAE04EC0-301F-11D3-BF4B-00C04F79EFBC}") = "LinqEntity", "LinqEntity.csproj", "{86AB5B45-EFD7-4F21-936F-85A48F6B5D72}"
EndProject
Global
	GlobalSection(SolutionConfigurationPlatforms) = preSolution
		Debug|Any CPU = Debug|Any CPU
		Release|Any CPU = Release|Any CPU
	EndGlobalSection
	GlobalSection(ProjectConfigurationPlatforms) = postSolution
		{86AB5B45-EFD7-4F21-936F-85A48F6B5D72}.Debug|Any CPU.ActiveCfg = Debug|Any CPU
		{86AB5B45-EFD7-4F21-936F-85A48F6B5D72}.Debug|Any CPU.Build.0 = Debug|Any CPU
		{86AB5B45-EFD7-4F21-936F-85A48F6B5D72}.Release|Any CPU.ActiveCfg = Release|Any CPU
		{86AB5B45-EFD7-4F21-936F-85A48F6B5D72}.Release|Any CPU.Build.0 = Release|Any CPU
	EndGlobalSection
	GlobalSection(SolutionProperties) = preSolution
		HideSolutionNode = FALSE
	EndGlobalSection
	GlobalSection(ExtensibilityGlobals) = postSolution
		SolutionGuid = {F3A837DD-8C34-4267-97AC-22A70088E722}
	EndGlobalSection
EndGlobal
